
Microsoft Visual Studio Solution File, Format Version 12.00
# Visual Studio 14
VisualStudioVersion = 14.0.23107.0
MinimumVisualStudioVersion = 10.0.40219.1
Project("{FAE04EC0-301F-11D3-BF4B-00C04F79EFBC}") = "useErrorsEquation", "useErrorsEquation\useErrorsEquation.csproj", "{C604FAAA-E1F3-4B7D-8A05-3A12BF4E32DB}"
EndProject
Project("{FAE04EC0-301F-11D3-BF4B-00C04F79EFBC}") = "errors equation", "errors equation\errors equation.csproj", "{29382A6F-FC1C-4FBC-ACC9-13BBC1FCDF99}"
EndProject
Project("{FAE04EC0-301F-11D3-BF4B-00C04F79EFBC}") = "shortest path", "shortest path\shortest path.csproj", "{33443F00-034F-42CB-87E8-0E26C0CE019A}"
EndProject
Global
	GlobalSection(SolutionConfigurationPlatforms) = preSolution
		Debug|Any CPU = Debug|Any CPU
		Release|Any CPU = Release|Any CPU
	EndGlobalSection
	GlobalSection(ProjectConfigurationPlatforms) = postSolution
		{C604FAAA-E1F3-4B7D-8A05-3A12BF4E32DB}.Debug|Any CPU.ActiveCfg = Debug|Any CPU
		{C604FAAA-E1F3-4B7D-8A05-3A12BF4E32DB}.Debug|Any CPU.Build.0 = Debug|Any CPU
		{C604FAAA-E1F3-4B7D-8A05-3A12BF4E32DB}.Release|Any CPU.ActiveCfg = Release|Any CPU
		{C604FAAA-E1F3-4B7D-8A05-3A12BF4E32DB}.Release|Any CPU.Build.0 = Release|Any CPU
		{29382A6F-FC1C-4FBC-ACC9-13BBC1FCDF99}.Debug|Any CPU.ActiveCfg = Debug|Any CPU
		{29382A6F-FC1C-4FBC-ACC9-13BBC1FCDF99}.Debug|Any CPU.Build.0 = Debug|Any CPU
		{29382A6F-FC1C-4FBC-ACC9-13BBC1FCDF99}.Release|Any CPU.ActiveCfg = Release|Any CPU
		{29382A6F-FC1C-4FBC-ACC9-13BBC1FCDF99}.Release|Any CPU.Build.0 = Release|Any CPU
		{33443F00-034F-42CB-87E8-0E26C0CE019A}.Debug|Any CPU.ActiveCfg = Debug|Any CPU
		{33443F00-034F-42CB-87E8-0E26C0CE019A}.Debug|Any CPU.Build.0 = Debug|Any CPU
		{33443F00-034F-42CB-87E8-0E26C0CE019A}.Release|Any CPU.ActiveCfg = Release|Any CPU
		{33443F00-034F-42CB-87E8-0E26C0CE019A}.Release|Any CPU.Build.0 = Release|Any CPU
	EndGlobalSection
	GlobalSection(SolutionProperties) = preSolution
		HideSolutionNode = FALSE
	EndGlobalSection
EndGlobal
